
Microsoft Visual Studio Solution File, Format Version 12.00
# Visual Studio Version 17
VisualStudioVersion = 17.2.32616.157
MinimumVisualStudioVersion = 10.0.40219.1
Project("{FAE04EC0-301F-11D3-BF4B-00C04F79EFBC}") = "LINQtest2", "LINQtest2.csproj", "{00FBC885-1492-4D58-B91E-C2EE85C8C36E}"
EndProject
Global
	GlobalSection(SolutionConfigurationPlatforms) = preSolution
		Debug|Any CPU = Debug|Any CPU
		Release|Any CPU = Release|Any CPU
	EndGlobalSection
	GlobalSection(ProjectConfigurationPlatforms) = postSolution
		{00FBC885-1492-4D58-B91E-C2EE85C8C36E}.Debug|Any CPU.ActiveCfg = Debug|Any CPU
		{00FBC885-1492-4D58-B91E-C2EE85C8C36E}.Debug|Any CPU.Build.0 = Debug|Any CPU
		{00FBC885-1492-4D58-B91E-C2EE85C8C36E}.Release|Any CPU.ActiveCfg = Release|Any CPU
		{00FBC885-1492-4D58-B91E-C2EE85C8C36E}.Release|Any CPU.Build.0 = Release|Any CPU
	EndGlobalSection
	GlobalSection(SolutionProperties) = preSolution
		HideSolutionNode = FALSE
	EndGlobalSection
	GlobalSection(ExtensibilityGlobals) = postSolution
		SolutionGuid = {9CDB12FE-A479-41E2-932F-0297ADAB7465}
	EndGlobalSection
EndGlobal
